
Microsoft Visual Studio Solution File, Format Version 12.00
# Visual Studio 15
VisualStudioVersion = 15.0.27703.2026
MinimumVisualStudioVersion = 10.0.40219.1
Project("{FAE04EC0-301F-11D3-BF4B-00C04F79EFBC}") = "RPP", "RPP\RPP.csproj", "{4C44C2F9-E3BE-4A67-88FD-5A20A11ED630}"
	ProjectSection(ProjectDependencies) = postProject
		{FB80C4D3-24B4-4373-B22E-6CCAB479D6FF} = {FB80C4D3-24B4-4373-B22E-6CCAB479D6FF}
	EndProjectSection
EndProject
Project("{FAE04EC0-301F-11D3-BF4B-00C04F79EFBC}") = "RPPMain", "RPPMain\RPPMain.csproj", "{29CC35E2-B867-4DCC-9269-D99E5B207FA4}"
EndProject
Project("{FAE04EC0-301F-11D3-BF4B-00C04F79EFBC}") = "RPPSharePoint", "RPPHistorico\RPPSharePoint\RPPSharePoint.csproj", "{FB80C4D3-24B4-4373-B22E-6CCAB479D6FF}"
EndProject
Global
	GlobalSection(SolutionConfigurationPlatforms) = preSolution
		Debug|Any CPU = Debug|Any CPU
		Release|Any CPU = Release|Any CPU
	EndGlobalSection
	GlobalSection(ProjectConfigurationPlatforms) = postSolution
		{4C44C2F9-E3BE-4A67-88FD-5A20A11ED630}.Debug|Any CPU.ActiveCfg = Debug|Any CPU
		{4C44C2F9-E3BE-4A67-88FD-5A20A11ED630}.Debug|Any CPU.Build.0 = Debug|Any CPU
		{4C44C2F9-E3BE-4A67-88FD-5A20A11ED630}.Release|Any CPU.ActiveCfg = Release|Any CPU
		{4C44C2F9-E3BE-4A67-88FD-5A20A11ED630}.Release|Any CPU.Build.0 = Release|Any CPU
		{29CC35E2-B867-4DCC-9269-D99E5B207FA4}.Debug|Any CPU.ActiveCfg = Debug|Any CPU
		{29CC35E2-B867-4DCC-9269-D99E5B207FA4}.Debug|Any CPU.Build.0 = Debug|Any CPU
		{29CC35E2-B867-4DCC-9269-D99E5B207FA4}.Release|Any CPU.ActiveCfg = Release|Any CPU
		{29CC35E2-B867-4DCC-9269-D99E5B207FA4}.Release|Any CPU.Build.0 = Release|Any CPU
		{FB80C4D3-24B4-4373-B22E-6CCAB479D6FF}.Debug|Any CPU.ActiveCfg = Debug|Any CPU
		{FB80C4D3-24B4-4373-B22E-6CCAB479D6FF}.Debug|Any CPU.Build.0 = Debug|Any CPU
		{FB80C4D3-24B4-4373-B22E-6CCAB479D6FF}.Release|Any CPU.ActiveCfg = Release|Any CPU
		{FB80C4D3-24B4-4373-B22E-6CCAB479D6FF}.Release|Any CPU.Build.0 = Release|Any CPU
	EndGlobalSection
	GlobalSection(SolutionProperties) = preSolution
		HideSolutionNode = FALSE
	EndGlobalSection
	GlobalSection(ExtensibilityGlobals) = postSolution
		SolutionGuid = {0EBC6CA1-5464-4457-962A-7EEE4B013922}
	EndGlobalSection
EndGlobal
