
Microsoft Visual Studio Solution File, Format Version 12.00
# Visual Studio 2013
VisualStudioVersion = 12.0.21005.1
MinimumVisualStudioVersion = 10.0.40219.1
Project("{FAE04EC0-301F-11D3-BF4B-00C04F79EFBC}") = "RPP", "RPP\RPP.csproj", "{4C44C2F9-E3BE-4A67-88FD-5A20A11ED630}"
EndProject
Project("{FAE04EC0-301F-11D3-BF4B-00C04F79EFBC}") = "RPPMain", "RPPMain\RPPMain.csproj", "{29CC35E2-B867-4DCC-9269-D99E5B207FA4}"
EndProject
Project("{FAE04EC0-301F-11D3-BF4B-00C04F79EFBC}") = "RPPSharePoint", "..\Users\avalenzuela\Documents\Visual Studio 2013\Projects\RPPHistorico\RPPSharePoint\RPPSharePoint.csproj", "{FB80C4D3-24B4-4373-B22E-6CCAB479D6FF}"
EndProject
Global
	GlobalSection(TeamFoundationVersionControl) = preSolution
		SccNumberOfProjects = 4
		SccEnterpriseProvider = {4CA58AB2-18FA-4F8D-95D4-32DDF27D184C}
		SccTeamFoundationServer = http://servidor03:8080/tfs/proyectos%20web
		SccLocalPath0 = .
		SccProjectUniqueName1 = RPP\\RPP.csproj
		SccProjectName1 = RPP
		SccLocalPath1 = RPP
		SccProjectUniqueName2 = RPPMain\\RPPMain.csproj
		SccProjectName2 = RPPMain
		SccLocalPath2 = RPPMain
		SccProjectUniqueName3 = ..\\Users\\avalenzuela\\Documents\\Visual\u0020Studio\u00202013\\Projects\\RPPHistorico\\RPPSharePoint\\RPPSharePoint.csproj
		SccProjectName3 = ../Users/avalenzuela/Documents/Visual\u0020Studio\u00202013/Projects/RPPHistorico/RPPSharePoint
		SccLocalPath3 = ..\\Users\\avalenzuela\\Documents\\Visual\u0020Studio\u00202013\\Projects\\RPPHistorico\\RPPSharePoint
	EndGlobalSection
	GlobalSection(SolutionConfigurationPlatforms) = preSolution
		Debug|Any CPU = Debug|Any CPU
		Release|Any CPU = Release|Any CPU
	EndGlobalSection
	GlobalSection(ProjectConfigurationPlatforms) = postSolution
		{4C44C2F9-E3BE-4A67-88FD-5A20A11ED630}.Debug|Any CPU.ActiveCfg = Debug|Any CPU
		{4C44C2F9-E3BE-4A67-88FD-5A20A11ED630}.Debug|Any CPU.Build.0 = Debug|Any CPU
		{4C44C2F9-E3BE-4A67-88FD-5A20A11ED630}.Release|Any CPU.ActiveCfg = Release|Any CPU
		{4C44C2F9-E3BE-4A67-88FD-5A20A11ED630}.Release|Any CPU.Build.0 = Release|Any CPU
		{29CC35E2-B867-4DCC-9269-D99E5B207FA4}.Debug|Any CPU.ActiveCfg = Debug|Any CPU
		{29CC35E2-B867-4DCC-9269-D99E5B207FA4}.Debug|Any CPU.Build.0 = Debug|Any CPU
		{29CC35E2-B867-4DCC-9269-D99E5B207FA4}.Release|Any CPU.ActiveCfg = Release|Any CPU
		{29CC35E2-B867-4DCC-9269-D99E5B207FA4}.Release|Any CPU.Build.0 = Release|Any CPU
		{FB80C4D3-24B4-4373-B22E-6CCAB479D6FF}.Debug|Any CPU.ActiveCfg = Debug|Any CPU
		{FB80C4D3-24B4-4373-B22E-6CCAB479D6FF}.Debug|Any CPU.Build.0 = Debug|Any CPU
		{FB80C4D3-24B4-4373-B22E-6CCAB479D6FF}.Release|Any CPU.ActiveCfg = Release|Any CPU
		{FB80C4D3-24B4-4373-B22E-6CCAB479D6FF}.Release|Any CPU.Build.0 = Release|Any CPU
	EndGlobalSection
	GlobalSection(SolutionProperties) = preSolution
		HideSolutionNode = FALSE
	EndGlobalSection
EndGlobal
